
Microsoft Visual Studio Solution File, Format Version 12.00
# Visual Studio Version 17
VisualStudioVersion = 17.6.33723.286
MinimumVisualStudioVersion = 10.0.40219.1
Project("{FAE04EC0-301F-11D3-BF4B-00C04F79EFBC}") = "Samp", "Samp.csproj", "{2815B7CE-E996-46CE-8CEE-48035A6ADFCD}"
EndProject
Global
	GlobalSection(SolutionConfigurationPlatforms) = preSolution
		Debug|Any CPU = Debug|Any CPU
		Release|Any CPU = Release|Any CPU
	EndGlobalSection
	GlobalSection(ProjectConfigurationPlatforms) = postSolution
		{2815B7CE-E996-46CE-8CEE-48035A6ADFCD}.Debug|Any CPU.ActiveCfg = Debug|Any CPU
		{2815B7CE-E996-46CE-8CEE-48035A6ADFCD}.Debug|Any CPU.Build.0 = Debug|Any CPU
		{2815B7CE-E996-46CE-8CEE-48035A6ADFCD}.Release|Any CPU.ActiveCfg = Release|Any CPU
		{2815B7CE-E996-46CE-8CEE-48035A6ADFCD}.Release|Any CPU.Build.0 = Release|Any CPU
	EndGlobalSection
	GlobalSection(SolutionProperties) = preSolution
		HideSolutionNode = FALSE
	EndGlobalSection
	GlobalSection(ExtensibilityGlobals) = postSolution
		SolutionGuid = {70F83760-CE0E-4E31-BE77-5E33D2760082}
	EndGlobalSection
EndGlobal
